// !$*UTF8*$!
{
	archiveVersion = 1;
	classes = {
	};
	objectVersion = 56;
	objects = {

/* Begin PBXBuildFile section */
		11120AB82A30E53A0084E612 /* HckrNewsApp.swift in Sources */ = {isa = PBXBuildFile; fileRef = 11120AB72A30E53A0084E612 /* HckrNewsApp.swift */; };
		11120ABC2A30E53B0084E612 /* Assets.xcassets in Resources */ = {isa = PBXBuildFile; fileRef = 11120ABB2A30E53B0084E612 /* Assets.xcassets */; };
		11120ABF2A30E53B0084E612 /* Preview Assets.xcassets in Resources */ = {isa = PBXBuildFile; fileRef = 11120ABE2A30E53B0084E612 /* Preview Assets.xcassets */; };
		11B40DD92A35E10A00CA8539 /* ErrorWrapper.swift in Sources */ = {isa = PBXBuildFile; fileRef = 11B40DD82A35E10A00CA8539 /* ErrorWrapper.swift */; };
		11B40DDB2A35E18000CA8539 /* ErrorView.swift in Sources */ = {isa = PBXBuildFile; fileRef = 11B40DDA2A35E18000CA8539 /* ErrorView.swift */; };
		11B40DDD2A35EE7D00CA8539 /* SettingsView.swift in Sources */ = {isa = PBXBuildFile; fileRef = 11B40DDC2A35EE7D00CA8539 /* SettingsView.swift */; };
		11B40DDF2A35F8DA00CA8539 /* UserDefaultsExtension.swift in Sources */ = {isa = PBXBuildFile; fileRef = 11B40DDE2A35F8DA00CA8539 /* UserDefaultsExtension.swift */; };
		11FE08EA2A31E22D0034829A /* Item.swift in Sources */ = {isa = PBXBuildFile; fileRef = 11FE08E92A31E22D0034829A /* Item.swift */; };
		11FE08F42A322B5E0034829A /* HckrNewsTests.swift in Sources */ = {isa = PBXBuildFile; fileRef = 11FE08F32A322B5E0034829A /* HckrNewsTests.swift */; };
		11FE08FC2A322B830034829A /* NewsItemData.swift in Sources */ = {isa = PBXBuildFile; fileRef = 11FE08FB2A322B830034829A /* NewsItemData.swift */; };
		11FE08FE2A322DC10034829A /* HTTPDataDownloader.swift in Sources */ = {isa = PBXBuildFile; fileRef = 11FE08FD2A322DC10034829A /* HTTPDataDownloader.swift */; };
		11FE09002A322E810034829A /* HackerNewsClient.swift in Sources */ = {isa = PBXBuildFile; fileRef = 11FE08FF2A322E810034829A /* HackerNewsClient.swift */; };
		11FE09022A3235200034829A /* Feed.swift in Sources */ = {isa = PBXBuildFile; fileRef = 11FE09012A3235200034829A /* Feed.swift */; };
		11FE09062A332D680034829A /* FeedView.swift in Sources */ = {isa = PBXBuildFile; fileRef = 11FE09052A332D680034829A /* FeedView.swift */; };
		11FE09082A3334C50034829A /* ItemView.swift in Sources */ = {isa = PBXBuildFile; fileRef = 11FE09072A3334C50034829A /* ItemView.swift */; };
/* End PBXBuildFile section */

/* Begin PBXContainerItemProxy section */
		11FE08F52A322B5E0034829A /* PBXContainerItemProxy */ = {
			isa = PBXContainerItemProxy;
			containerPortal = 11120AAC2A30E53A0084E612 /* Project object */;
			proxyType = 1;
			remoteGlobalIDString = 11120AB32A30E53A0084E612;
			remoteInfo = HckrNews;
		};
/* End PBXContainerItemProxy section */

/* Begin PBXFileReference section */
		11120AB42A30E53A0084E612 /* HckrNews.app */ = {isa = PBXFileReference; explicitFileType = wrapper.application; includeInIndex = 0; path = HckrNews.app; sourceTree = BUILT_PRODUCTS_DIR; };
		11120AB72A30E53A0084E612 /* HckrNewsApp.swift */ = {isa = PBXFileReference; lastKnownFileType = sourcecode.swift; path = HckrNewsApp.swift; sourceTree = "<group>"; };
		11120ABB2A30E53B0084E612 /* Assets.xcassets */ = {isa = PBXFileReference; lastKnownFileType = folder.assetcatalog; path = Assets.xcassets; sourceTree = "<group>"; };
		11120ABE2A30E53B0084E612 /* Preview Assets.xcassets */ = {isa = PBXFileReference; lastKnownFileType = folder.assetcatalog; path = "Preview Assets.xcassets"; sourceTree = "<group>"; };
		11B40DD82A35E10A00CA8539 /* ErrorWrapper.swift */ = {isa = PBXFileReference; lastKnownFileType = sourcecode.swift; path = ErrorWrapper.swift; sourceTree = "<group>"; };
		11B40DDA2A35E18000CA8539 /* ErrorView.swift */ = {isa = PBXFileReference; lastKnownFileType = sourcecode.swift; path = ErrorView.swift; sourceTree = "<group>"; };
		11B40DDC2A35EE7D00CA8539 /* SettingsView.swift */ = {isa = PBXFileReference; lastKnownFileType = sourcecode.swift; path = SettingsView.swift; sourceTree = "<group>"; };
		11B40DDE2A35F8DA00CA8539 /* UserDefaultsExtension.swift */ = {isa = PBXFileReference; lastKnownFileType = sourcecode.swift; path = UserDefaultsExtension.swift; sourceTree = "<group>"; };
		11FE08E92A31E22D0034829A /* Item.swift */ = {isa = PBXFileReference; lastKnownFileType = sourcecode.swift; path = Item.swift; sourceTree = "<group>"; };
		11FE08F12A322B5E0034829A /* HckrNewsTests.xctest */ = {isa = PBXFileReference; explicitFileType = wrapper.cfbundle; includeInIndex = 0; path = HckrNewsTests.xctest; sourceTree = BUILT_PRODUCTS_DIR; };
		11FE08F32A322B5E0034829A /* HckrNewsTests.swift */ = {isa = PBXFileReference; lastKnownFileType = sourcecode.swift; path = HckrNewsTests.swift; sourceTree = "<group>"; };
		11FE08FB2A322B830034829A /* NewsItemData.swift */ = {isa = PBXFileReference; lastKnownFileType = sourcecode.swift; path = NewsItemData.swift; sourceTree = "<group>"; };
		11FE08FD2A322DC10034829A /* HTTPDataDownloader.swift */ = {isa = PBXFileReference; lastKnownFileType = sourcecode.swift; path = HTTPDataDownloader.swift; sourceTree = "<group>"; };
		11FE08FF2A322E810034829A /* HackerNewsClient.swift */ = {isa = PBXFileReference; lastKnownFileType = sourcecode.swift; path = HackerNewsClient.swift; sourceTree = "<group>"; };
		11FE09012A3235200034829A /* Feed.swift */ = {isa = PBXFileReference; lastKnownFileType = sourcecode.swift; path = Feed.swift; sourceTree = "<group>"; };
		11FE09052A332D680034829A /* FeedView.swift */ = {isa = PBXFileReference; fileEncoding = 4; lastKnownFileType = sourcecode.swift; path = FeedView.swift; sourceTree = "<group>"; };
		11FE09072A3334C50034829A /* ItemView.swift */ = {isa = PBXFileReference; lastKnownFileType = sourcecode.swift; path = ItemView.swift; sourceTree = "<group>"; };
/* End PBXFileReference section */

/* Begin PBXFrameworksBuildPhase section */
		11120AB12A30E53A0084E612 /* Frameworks */ = {
			isa = PBXFrameworksBuildPhase;
			buildActionMask = 2147483647;
			files = (
			);
			runOnlyForDeploymentPostprocessing = 0;
		};
		11FE08EE2A322B5E0034829A /* Frameworks */ = {
			isa = PBXFrameworksBuildPhase;
			buildActionMask = 2147483647;
			files = (
			);
			runOnlyForDeploymentPostprocessing = 0;
		};
/* End PBXFrameworksBuildPhase section */

/* Begin PBXGroup section */
		11120AAB2A30E53A0084E612 = {
			isa = PBXGroup;
			children = (
				11120AB62A30E53A0084E612 /* HckrNews */,
				11FE08F22A322B5E0034829A /* HckrNewsTests */,
				11120AB52A30E53A0084E612 /* Products */,
			);
			sourceTree = "<group>";
		};
		11120AB52A30E53A0084E612 /* Products */ = {
			isa = PBXGroup;
			children = (
				11120AB42A30E53A0084E612 /* HckrNews.app */,
				11FE08F12A322B5E0034829A /* HckrNewsTests.xctest */,
			);
			name = Products;
			sourceTree = "<group>";
		};
		11120AB62A30E53A0084E612 /* HckrNews */ = {
			isa = PBXGroup;
			children = (
				11FE08E82A31E21F0034829A /* Models */,
				11120AC52A30E76A0084E612 /* Views */,
				11120AB72A30E53A0084E612 /* HckrNewsApp.swift */,
				11120ABB2A30E53B0084E612 /* Assets.xcassets */,
				11120ABD2A30E53B0084E612 /* Preview Content */,
				11FE08FD2A322DC10034829A /* HTTPDataDownloader.swift */,
				11FE08FF2A322E810034829A /* HackerNewsClient.swift */,
				11B40DDE2A35F8DA00CA8539 /* UserDefaultsExtension.swift */,
			);
			path = HckrNews;
			sourceTree = "<group>";
		};
		11120ABD2A30E53B0084E612 /* Preview Content */ = {
			isa = PBXGroup;
			children = (
				11120ABE2A30E53B0084E612 /* Preview Assets.xcassets */,
			);
			path = "Preview Content";
			sourceTree = "<group>";
		};
		11120AC52A30E76A0084E612 /* Views */ = {
			isa = PBXGroup;
			children = (
				11FE09052A332D680034829A /* FeedView.swift */,
				11FE09072A3334C50034829A /* ItemView.swift */,
				11B40DDA2A35E18000CA8539 /* ErrorView.swift */,
				11B40DDC2A35EE7D00CA8539 /* SettingsView.swift */,
			);
			path = Views;
			sourceTree = "<group>";
		};
		11FE08E82A31E21F0034829A /* Models */ = {
			isa = PBXGroup;
			children = (
				11FE08E92A31E22D0034829A /* Item.swift */,
				11FE09012A3235200034829A /* Feed.swift */,
				11B40DD82A35E10A00CA8539 /* ErrorWrapper.swift */,
			);
			path = Models;
			sourceTree = "<group>";
		};
		11FE08F22A322B5E0034829A /* HckrNewsTests */ = {
			isa = PBXGroup;
			children = (
				11FE08F32A322B5E0034829A /* HckrNewsTests.swift */,
				11FE08FB2A322B830034829A /* NewsItemData.swift */,
			);
			path = HckrNewsTests;
			sourceTree = "<group>";
		};
/* End PBXGroup section */

/* Begin PBXNativeTarget section */
		11120AB32A30E53A0084E612 /* HckrNews */ = {
			isa = PBXNativeTarget;
			buildConfigurationList = 11120AC22A30E53B0084E612 /* Build configuration list for PBXNativeTarget "HckrNews" */;
			buildPhases = (
				11120AB02A30E53A0084E612 /* Sources */,
				11120AB12A30E53A0084E612 /* Frameworks */,
				11120AB22A30E53A0084E612 /* Resources */,
			);
			buildRules = (
			);
			dependencies = (
			);
			name = HckrNews;
			productName = HckrNews;
			productReference = 11120AB42A30E53A0084E612 /* HckrNews.app */;
			productType = "com.apple.product-type.application";
		};
		11FE08F02A322B5E0034829A /* HckrNewsTests */ = {
			isa = PBXNativeTarget;
			buildConfigurationList = 11FE08F72A322B5E0034829A /* Build configuration list for PBXNativeTarget "HckrNewsTests" */;
			buildPhases = (
				11FE08ED2A322B5E0034829A /* Sources */,
				11FE08EE2A322B5E0034829A /* Frameworks */,
				11FE08EF2A322B5E0034829A /* Resources */,
			);
			buildRules = (
			);
			dependencies = (
				11FE08F62A322B5E0034829A /* PBXTargetDependency */,
			);
			name = HckrNewsTests;
			productName = HckrNewsTests;
			productReference = 11FE08F12A322B5E0034829A /* HckrNewsTests.xctest */;
			productType = "com.apple.product-type.bundle.unit-test";
		};
/* End PBXNativeTarget section */

/* Begin PBXProject section */
		11120AAC2A30E53A0084E612 /* Project object */ = {
			isa = PBXProject;
			attributes = {
				BuildIndependentTargetsInParallel = 1;
				LastSwiftUpdateCheck = 1430;
				LastUpgradeCheck = 1430;
				TargetAttributes = {
					11120AB32A30E53A0084E612 = {
						CreatedOnToolsVersion = 14.3.1;
					};
					11FE08F02A322B5E0034829A = {
						CreatedOnToolsVersion = 14.3.1;
						TestTargetID = 11120AB32A30E53A0084E612;
					};
				};
			};
			buildConfigurationList = 11120AAF2A30E53A0084E612 /* Build configuration list for PBXProject "HckrNews" */;
			compatibilityVersion = "Xcode 14.0";
			developmentRegion = en;
			hasScannedForEncodings = 0;
			knownRegions = (
				en,
				Base,
			);
			mainGroup = 11120AAB2A30E53A0084E612;
			productRefGroup = 11120AB52A30E53A0084E612 /* Products */;
			projectDirPath = "";
			projectRoot = "";
			targets = (
				11120AB32A30E53A0084E612 /* HckrNews */,
				11FE08F02A322B5E0034829A /* HckrNewsTests */,
			);
		};
/* End PBXProject section */

/* Begin PBXResourcesBuildPhase section */
		11120AB22A30E53A0084E612 /* Resources */ = {
			isa = PBXResourcesBuildPhase;
			buildActionMask = 2147483647;
			files = (
				11120ABF2A30E53B0084E612 /* Preview Assets.xcassets in Resources */,
				11120ABC2A30E53B0084E612 /* Assets.xcassets in Resources */,
			);
			runOnlyForDeploymentPostprocessing = 0;
		};
		11FE08EF2A322B5E0034829A /* Resources */ = {
			isa = PBXResourcesBuildPhase;
			buildActionMask = 2147483647;
			files = (
			);
			runOnlyForDeploymentPostprocessing = 0;
		};
/* End PBXResourcesBuildPhase section */

/* Begin PBXSourcesBuildPhase section */
		11120AB02A30E53A0084E612 /* Sources */ = {
			isa = PBXSourcesBuildPhase;
			buildActionMask = 2147483647;
			files = (
				11B40DD92A35E10A00CA8539 /* ErrorWrapper.swift in Sources */,
				11FE09002A322E810034829A /* HackerNewsClient.swift in Sources */,
				11FE09022A3235200034829A /* Feed.swift in Sources */,
				11FE09062A332D680034829A /* FeedView.swift in Sources */,
				11FE08FE2A322DC10034829A /* HTTPDataDownloader.swift in Sources */,
				11B40DDD2A35EE7D00CA8539 /* SettingsView.swift in Sources */,
				11FE09082A3334C50034829A /* ItemView.swift in Sources */,
				11FE08EA2A31E22D0034829A /* Item.swift in Sources */,
				11B40DDB2A35E18000CA8539 /* ErrorView.swift in Sources */,
				11120AB82A30E53A0084E612 /* HckrNewsApp.swift in Sources */,
				11B40DDF2A35F8DA00CA8539 /* UserDefaultsExtension.swift in Sources */,
			);
			runOnlyForDeploymentPostprocessing = 0;
		};
		11FE08ED2A322B5E0034829A /* Sources */ = {
			isa = PBXSourcesBuildPhase;
			buildActionMask = 2147483647;
			files = (
				11FE08F42A322B5E0034829A /* HckrNewsTests.swift in Sources */,
				11FE08FC2A322B830034829A /* NewsItemData.swift in Sources */,
			);
			runOnlyForDeploymentPostprocessing = 0;
		};
/* End PBXSourcesBuildPhase section */

/* Begin PBXTargetDependency section */
		11FE08F62A322B5E0034829A /* PBXTargetDependency */ = {
			isa = PBXTargetDependency;
			target = 11120AB32A30E53A0084E612 /* HckrNews */;
			targetProxy = 11FE08F52A322B5E0034829A /* PBXContainerItemProxy */;
		};
/* End PBXTargetDependency section */

/* Begin XCBuildConfiguration section */
		11120AC02A30E53B0084E612 /* Debug */ = {
			isa = XCBuildConfiguration;
			buildSettings = {
				ALWAYS_SEARCH_USER_PATHS = NO;
				CLANG_ANALYZER_NONNULL = YES;
				CLANG_ANALYZER_NUMBER_OBJECT_CONVERSION = YES_AGGRESSIVE;
				CLANG_CXX_LANGUAGE_STANDARD = "gnu++20";
				CLANG_ENABLE_MODULES = YES;
				CLANG_ENABLE_OBJC_ARC = YES;
				CLANG_ENABLE_OBJC_WEAK = YES;
				CLANG_WARN_BLOCK_CAPTURE_AUTORELEASING = YES;
				CLANG_WARN_BOOL_CONVERSION = YES;
				CLANG_WARN_COMMA = YES;
				CLANG_WARN_CONSTANT_CONVERSION = YES;
				CLANG_WARN_DEPRECATED_OBJC_IMPLEMENTATIONS = YES;
				CLANG_WARN_DIRECT_OBJC_ISA_USAGE = YES_ERROR;
				CLANG_WARN_DOCUMENTATION_COMMENTS = YES;
				CLANG_WARN_EMPTY_BODY = YES;
				CLANG_WARN_ENUM_CONVERSION = YES;
				CLANG_WARN_INFINITE_RECURSION = YES;
				CLANG_WARN_INT_CONVERSION = YES;
				CLANG_WARN_NON_LITERAL_NULL_CONVERSION = YES;
				CLANG_WARN_OBJC_IMPLICIT_RETAIN_SELF = YES;
				CLANG_WARN_OBJC_LITERAL_CONVERSION = YES;
				CLANG_WARN_OBJC_ROOT_CLASS = YES_ERROR;
				CLANG_WARN_QUOTED_INCLUDE_IN_FRAMEWORK_HEADER = YES;
				CLANG_WARN_RANGE_LOOP_ANALYSIS = YES;
				CLANG_WARN_STRICT_PROTOTYPES = YES;
				CLANG_WARN_SUSPICIOUS_MOVE = YES;
				CLANG_WARN_UNGUARDED_AVAILABILITY = YES_AGGRESSIVE;
				CLANG_WARN_UNREACHABLE_CODE = YES;
				CLANG_WARN__DUPLICATE_METHOD_MATCH = YES;
				COPY_PHASE_STRIP = NO;
				DEBUG_INFORMATION_FORMAT = dwarf;
				ENABLE_STRICT_OBJC_MSGSEND = YES;
				ENABLE_TESTABILITY = YES;
				GCC_C_LANGUAGE_STANDARD = gnu11;
				GCC_DYNAMIC_NO_PIC = NO;
				GCC_NO_COMMON_BLOCKS = YES;
				GCC_OPTIMIZATION_LEVEL = 0;
				GCC_PREPROCESSOR_DEFINITIONS = (
					"DEBUG=1",
					"$(inherited)",
				);
				GCC_WARN_64_TO_32_BIT_CONVERSION = YES;
				GCC_WARN_ABOUT_RETURN_TYPE = YES_ERROR;
				GCC_WARN_UNDECLARED_SELECTOR = YES;
				GCC_WARN_UNINITIALIZED_AUTOS = YES_AGGRESSIVE;
				GCC_WARN_UNUSED_FUNCTION = YES;
				GCC_WARN_UNUSED_VARIABLE = YES;
				IPHONEOS_DEPLOYMENT_TARGET = 16.4;
				MTL_ENABLE_DEBUG_INFO = INCLUDE_SOURCE;
				MTL_FAST_MATH = YES;
				ONLY_ACTIVE_ARCH = YES;
				SDKROOT = iphoneos;
				SWIFT_ACTIVE_COMPILATION_CONDITIONS = DEBUG;
				SWIFT_OPTIMIZATION_LEVEL = "-Onone";
			};
			name = Debug;
		};
		11120AC12A30E53B0084E612 /* Release */ = {
			isa = XCBuildConfiguration;
			buildSettings = {
				ALWAYS_SEARCH_USER_PATHS = NO;
				CLANG_ANALYZER_NONNULL = YES;
				CLANG_ANALYZER_NUMBER_OBJECT_CONVERSION = YES_AGGRESSIVE;
				CLANG_CXX_LANGUAGE_STANDARD = "gnu++20";
				CLANG_ENABLE_MODULES = YES;
				CLANG_ENABLE_OBJC_ARC = YES;
				CLANG_ENABLE_OBJC_WEAK = YES;
				CLANG_WARN_BLOCK_CAPTURE_AUTORELEASING = YES;
				CLANG_WARN_BOOL_CONVERSION = YES;
				CLANG_WARN_COMMA = YES;
				CLANG_WARN_CONSTANT_CONVERSION = YES;
				CLANG_WARN_DEPRECATED_OBJC_IMPLEMENTATIONS = YES;
				CLANG_WARN_DIRECT_OBJC_ISA_USAGE = YES_ERROR;
				CLANG_WARN_DOCUMENTATION_COMMENTS = YES;
				CLANG_WARN_EMPTY_BODY = YES;
				CLANG_WARN_ENUM_CONVERSION = YES;
				CLANG_WARN_INFINITE_RECURSION = YES;
				CLANG_WARN_INT_CONVERSION = YES;
				CLANG_WARN_NON_LITERAL_NULL_CONVERSION = YES;
				CLANG_WARN_OBJC_IMPLICIT_RETAIN_SELF = YES;
				CLANG_WARN_OBJC_LITERAL_CONVERSION = YES;
				CLANG_WARN_OBJC_ROOT_CLASS = YES_ERROR;
				CLANG_WARN_QUOTED_INCLUDE_IN_FRAMEWORK_HEADER = YES;
				CLANG_WARN_RANGE_LOOP_ANALYSIS = YES;
				CLANG_WARN_STRICT_PROTOTYPES = YES;
				CLANG_WARN_SUSPICIOUS_MOVE = YES;
				CLANG_WARN_UNGUARDED_AVAILABILITY = YES_AGGRESSIVE;
				CLANG_WARN_UNREACHABLE_CODE = YES;
				CLANG_WARN__DUPLICATE_METHOD_MATCH = YES;
				COPY_PHASE_STRIP = NO;
				DEBUG_INFORMATION_FORMAT = "dwarf-with-dsym";
				ENABLE_NS_ASSERTIONS = NO;
				ENABLE_STRICT_OBJC_MSGSEND = YES;
				GCC_C_LANGUAGE_STANDARD = gnu11;
				GCC_NO_COMMON_BLOCKS = YES;
				GCC_WARN_64_TO_32_BIT_CONVERSION = YES;
				GCC_WARN_ABOUT_RETURN_TYPE = YES_ERROR;
				GCC_WARN_UNDECLARED_SELECTOR = YES;
				GCC_WARN_UNINITIALIZED_AUTOS = YES_AGGRESSIVE;
				GCC_WARN_UNUSED_FUNCTION = YES;
				GCC_WARN_UNUSED_VARIABLE = YES;
				IPHONEOS_DEPLOYMENT_TARGET = 16.4;
				MTL_ENABLE_DEBUG_INFO = NO;
				MTL_FAST_MATH = YES;
				SDKROOT = iphoneos;
				SWIFT_COMPILATION_MODE = wholemodule;
				SWIFT_OPTIMIZATION_LEVEL = "-O";
				VALIDATE_PRODUCT = YES;
			};
			name = Release;
		};
		11120AC32A30E53B0084E612 /* Debug */ = {
			isa = XCBuildConfiguration;
			buildSettings = {
				ASSETCATALOG_COMPILER_APPICON_NAME = AppIcon;
				ASSETCATALOG_COMPILER_GLOBAL_ACCENT_COLOR_NAME = AccentColor;
				ASSETCATALOG_COMPILER_INCLUDE_ALL_APPICON_ASSETS = YES;
				CODE_SIGN_STYLE = Automatic;
				CURRENT_PROJECT_VERSION = 1;
				DEVELOPMENT_ASSET_PATHS = "\"HckrNews/Preview Content\"";
				DEVELOPMENT_TEAM = 387A3F6PA6;
				ENABLE_PREVIEWS = YES;
				GENERATE_INFOPLIST_FILE = YES;
				INFOPLIST_KEY_CFBundleDisplayName = HckrNews;
				INFOPLIST_KEY_LSApplicationCategoryType = "public.app-category.news";
				INFOPLIST_KEY_UIApplicationSceneManifest_Generation = YES;
				INFOPLIST_KEY_UIApplicationSupportsIndirectInputEvents = YES;
				INFOPLIST_KEY_UILaunchScreen_Generation = YES;
				INFOPLIST_KEY_UISupportedInterfaceOrientations_iPad = "UIInterfaceOrientationPortrait UIInterfaceOrientationPortraitUpsideDown UIInterfaceOrientationLandscapeLeft UIInterfaceOrientationLandscapeRight";
				INFOPLIST_KEY_UISupportedInterfaceOrientations_iPhone = "UIInterfaceOrientationPortrait UIInterfaceOrientationLandscapeLeft UIInterfaceOrientationLandscapeRight";
				IPHONEOS_DEPLOYMENT_TARGET = 16.0;
				LD_RUNPATH_SEARCH_PATHS = (
					"$(inherited)",
					"@executable_path/Frameworks",
				);
				MARKETING_VERSION = 0.0.1;
				PRODUCT_BUNDLE_IDENTIFIER = "io.github.jmg-duarte.HckrNews";
				PRODUCT_NAME = "$(TARGET_NAME)";
				SUPPORTED_PLATFORMS = "iphoneos iphonesimulator";
				SUPPORTS_MACCATALYST = NO;
				SUPPORTS_MAC_DESIGNED_FOR_IPHONE_IPAD = NO;
				SWIFT_EMIT_LOC_STRINGS = YES;
				SWIFT_VERSION = 5.0;
				TARGETED_DEVICE_FAMILY = 1;
			};
			name = Debug;
		};
		11120AC42A30E53B0084E612 /* Release */ = {
			isa = XCBuildConfiguration;
			buildSettings = {
				ASSETCATALOG_COMPILER_APPICON_NAME = AppIcon;
				ASSETCATALOG_COMPILER_GLOBAL_ACCENT_COLOR_NAME = AccentColor;
				ASSETCATALOG_COMPILER_INCLUDE_ALL_APPICON_ASSETS = YES;
				CODE_SIGN_STYLE = Automatic;
				CURRENT_PROJECT_VERSION = 1;
				DEVELOPMENT_ASSET_PATHS = "\"HckrNews/Preview Content\"";
				DEVELOPMENT_TEAM = 387A3F6PA6;
				ENABLE_PREVIEWS = YES;
				GENERATE_INFOPLIST_FILE = YES;
				INFOPLIST_KEY_CFBundleDisplayName = HckrNews;
				INFOPLIST_KEY_LSApplicationCategoryType = "public.app-category.news";
				INFOPLIST_KEY_UIApplicationSceneManifest_Generation = YES;
				INFOPLIST_KEY_UIApplicationSupportsIndirectInputEvents = YES;
				INFOPLIST_KEY_UILaunchScreen_Generation = YES;
				INFOPLIST_KEY_UISupportedInterfaceOrientations_iPad = "UIInterfaceOrientationPortrait UIInterfaceOrientationPortraitUpsideDown UIInterfaceOrientationLandscapeLeft UIInterfaceOrientationLandscapeRight";
				INFOPLIST_KEY_UISupportedInterfaceOrientations_iPhone = "UIInterfaceOrientationPortrait UIInterfaceOrientationLandscapeLeft UIInterfaceOrientationLandscapeRight";
				IPHONEOS_DEPLOYMENT_TARGET = 16.0;
				LD_RUNPATH_SEARCH_PATHS = (
					"$(inherited)",
					"@executable_path/Frameworks",
				);
				MARKETING_VERSION = 0.0.1;
				PRODUCT_BUNDLE_IDENTIFIER = "io.github.jmg-duarte.HckrNews";
				PRODUCT_NAME = "$(TARGET_NAME)";
				SUPPORTED_PLATFORMS = "iphoneos iphonesimulator";
				SUPPORTS_MACCATALYST = NO;
				SUPPORTS_MAC_DESIGNED_FOR_IPHONE_IPAD = NO;
				SWIFT_EMIT_LOC_STRINGS = YES;
				SWIFT_VERSION = 5.0;
				TARGETED_DEVICE_FAMILY = 1;
			};
			name = Release;
		};
		11FE08F82A322B5E0034829A /* Debug */ = {
			isa = XCBuildConfiguration;
			buildSettings = {
				BUNDLE_LOADER = "$(TEST_HOST)";
				CODE_SIGN_STYLE = Automatic;
				CURRENT_PROJECT_VERSION = 1;
				GENERATE_INFOPLIST_FILE = YES;
				MARKETING_VERSION = 1.0;
				PRODUCT_BUNDLE_IDENTIFIER = "io.github.jmg-duarte.HckrNewsTests";
				PRODUCT_NAME = "$(TARGET_NAME)";
				SWIFT_EMIT_LOC_STRINGS = NO;
				SWIFT_VERSION = 5.0;
				TARGETED_DEVICE_FAMILY = "1,2";
				TEST_HOST = "$(BUILT_PRODUCTS_DIR)/HckrNews.app/$(BUNDLE_EXECUTABLE_FOLDER_PATH)/HckrNews";
			};
			name = Debug;
		};
		11FE08F92A322B5E0034829A /* Release */ = {
			isa = XCBuildConfiguration;
			buildSettings = {
				BUNDLE_LOADER = "$(TEST_HOST)";
				CODE_SIGN_STYLE = Automatic;
				CURRENT_PROJECT_VERSION = 1;
				GENERATE_INFOPLIST_FILE = YES;
				MARKETING_VERSION = 1.0;
				PRODUCT_BUNDLE_IDENTIFIER = "io.github.jmg-duarte.HckrNewsTests";
				PRODUCT_NAME = "$(TARGET_NAME)";
				SWIFT_EMIT_LOC_STRINGS = NO;
				SWIFT_VERSION = 5.0;
				TARGETED_DEVICE_FAMILY = "1,2";
				TEST_HOST = "$(BUILT_PRODUCTS_DIR)/HckrNews.app/$(BUNDLE_EXECUTABLE_FOLDER_PATH)/HckrNews";
			};
			name = Release;
		};
/* End XCBuildConfiguration section */

/* Begin XCConfigurationList section */
		11120AAF2A30E53A0084E612 /* Build configuration list for PBXProject "HckrNews" */ = {
			isa = XCConfigurationList;
			buildConfigurations = (
				11120AC02A30E53B0084E612 /* Debug */,
				11120AC12A30E53B0084E612 /* Release */,
			);
			defaultConfigurationIsVisible = 0;
			defaultConfigurationName = Release;
		};
		11120AC22A30E53B0084E612 /* Build configuration list for PBXNativeTarget "HckrNews" */ = {
			isa = XCConfigurationList;
			buildConfigurations = (
				11120AC32A30E53B0084E612 /* Debug */,
				11120AC42A30E53B0084E612 /* Release */,
			);
			defaultConfigurationIsVisible = 0;
			defaultConfigurationName = Release;
		};
		11FE08F72A322B5E0034829A /* Build configuration list for PBXNativeTarget "HckrNewsTests" */ = {
			isa = XCConfigurationList;
			buildConfigurations = (
				11FE08F82A322B5E0034829A /* Debug */,
				11FE08F92A322B5E0034829A /* Release */,
			);
			defaultConfigurationIsVisible = 0;
			defaultConfigurationName = Release;
		};
/* End XCConfigurationList section */
	};
	rootObject = 11120AAC2A30E53A0084E612 /* Project object */;
}
