// !$*UTF8*$!
{
	archiveVersion = 1;
	classes = {
	};
	objectVersion = 56;
	objects = {

/* Begin PBXBuildFile section */
		11120AB82A30E53A0084E612 /* CyclopsApp.swift in Sources */ = {isa = PBXBuildFile; fileRef = 11120AB72A30E53A0084E612 /* CyclopsApp.swift */; };
		11120ABC2A30E53B0084E612 /* Assets.xcassets in Resources */ = {isa = PBXBuildFile; fileRef = 11120ABB2A30E53B0084E612 /* Assets.xcassets */; };
		11120ABF2A30E53B0084E612 /* Preview Assets.xcassets in Resources */ = {isa = PBXBuildFile; fileRef = 11120ABE2A30E53B0084E612 /* Preview Assets.xcassets */; };
		1143B5612A47296800931E34 /* FeedSelectionSheet.swift in Sources */ = {isa = PBXBuildFile; fileRef = 1143B5602A47296800931E34 /* FeedSelectionSheet.swift */; };
		11B40DD92A35E10A00CA8539 /* ErrorWrapper.swift in Sources */ = {isa = PBXBuildFile; fileRef = 11B40DD82A35E10A00CA8539 /* ErrorWrapper.swift */; };
		11B40DDB2A35E18000CA8539 /* ErrorView.swift in Sources */ = {isa = PBXBuildFile; fileRef = 11B40DDA2A35E18000CA8539 /* ErrorView.swift */; };
		11B40DDD2A35EE7D00CA8539 /* SettingsView.swift in Sources */ = {isa = PBXBuildFile; fileRef = 11B40DDC2A35EE7D00CA8539 /* SettingsView.swift */; };
		11B40DDF2A35F8DA00CA8539 /* UserDefaults+Constants.swift in Sources */ = {isa = PBXBuildFile; fileRef = 11B40DDE2A35F8DA00CA8539 /* UserDefaults+Constants.swift */; };
		11BF20442A3769A9008A54B9 /* URLSession+HTTPData.swift in Sources */ = {isa = PBXBuildFile; fileRef = 11BF20432A3769A9008A54B9 /* URLSession+HTTPData.swift */; };
		11BF20462A3769D9008A54B9 /* HackerNewsClient.swift in Sources */ = {isa = PBXBuildFile; fileRef = 11BF20452A3769D9008A54B9 /* HackerNewsClient.swift */; };
		11BF20482A376A19008A54B9 /* TestHackerNewsClient.swift in Sources */ = {isa = PBXBuildFile; fileRef = 11BF20472A376A19008A54B9 /* TestHackerNewsClient.swift */; };
		11BF204C2A386EF7008A54B9 /* NetworkMonitor.swift in Sources */ = {isa = PBXBuildFile; fileRef = 11BF204B2A386EF7008A54B9 /* NetworkMonitor.swift */; };
		11BF204E2A387050008A54B9 /* OfflineView.swift in Sources */ = {isa = PBXBuildFile; fileRef = 11BF204D2A387050008A54B9 /* OfflineView.swift */; };
		11BF20522A387A1F008A54B9 /* CacheEntryObject.swift in Sources */ = {isa = PBXBuildFile; fileRef = 11BF20512A387A1F008A54B9 /* CacheEntryObject.swift */; };
		11BF20572A3A3656008A54B9 /* FeedViewModel.swift in Sources */ = {isa = PBXBuildFile; fileRef = 11BF20562A3A3656008A54B9 /* FeedViewModel.swift */; };
		11BF205A2A3F1723008A54B9 /* AppTheme.swift in Sources */ = {isa = PBXBuildFile; fileRef = 11BF20592A3F1723008A54B9 /* AppTheme.swift */; };
		11BF20642A3F67DD008A54B9 /* BookmarksView.swift in Sources */ = {isa = PBXBuildFile; fileRef = 11BF20632A3F67DC008A54B9 /* BookmarksView.swift */; };
		11C00CD42AEFB0D700954E73 /* Viewed.swift in Sources */ = {isa = PBXBuildFile; fileRef = 11C00CD32AEFB0D700954E73 /* Viewed.swift */; };
		11C00CD72AEFEBC900954E73 /* GRDB in Frameworks */ = {isa = PBXBuildFile; productRef = 11C00CD62AEFEBC900954E73 /* GRDB */; };
		11C00CD92AEFEC5600954E73 /* AppDatabase.swift in Sources */ = {isa = PBXBuildFile; fileRef = 11C00CD82AEFEC5500954E73 /* AppDatabase.swift */; };
		11C00CDC2AF1347000954E73 /* GRDBQuery in Frameworks */ = {isa = PBXBuildFile; productRef = 11C00CDB2AF1347000954E73 /* GRDBQuery */; };
		11C00CDE2AF134B200954E73 /* BookmarkRequest.swift in Sources */ = {isa = PBXBuildFile; fileRef = 11C00CDD2AF134B200954E73 /* BookmarkRequest.swift */; };
		11C00CE02AF138A000954E73 /* Persistence.swift in Sources */ = {isa = PBXBuildFile; fileRef = 11C00CDF2AF138A000954E73 /* Persistence.swift */; };
		11C00CE52AF147D200954E73 /* ViewedRequest.swift in Sources */ = {isa = PBXBuildFile; fileRef = 11C00CE42AF147D200954E73 /* ViewedRequest.swift */; };
		11D412162A3F9C560046DE75 /* Int+Time.swift in Sources */ = {isa = PBXBuildFile; fileRef = 11D412152A3F9C560046DE75 /* Int+Time.swift */; };
		11E902642A484B58003784CE /* ItemDetailsSheet.swift in Sources */ = {isa = PBXBuildFile; fileRef = 11E902632A484B58003784CE /* ItemDetailsSheet.swift */; };
		11FE08EA2A31E22D0034829A /* Item.swift in Sources */ = {isa = PBXBuildFile; fileRef = 11FE08E92A31E22D0034829A /* Item.swift */; };
		11FE08F42A322B5E0034829A /* ItemTests.swift in Sources */ = {isa = PBXBuildFile; fileRef = 11FE08F32A322B5E0034829A /* ItemTests.swift */; };
		11FE08FC2A322B830034829A /* NewsItemData.swift in Sources */ = {isa = PBXBuildFile; fileRef = 11FE08FB2A322B830034829A /* NewsItemData.swift */; };
		11FE09002A322E810034829A /* HTTPHackerNewsClient.swift in Sources */ = {isa = PBXBuildFile; fileRef = 11FE08FF2A322E810034829A /* HTTPHackerNewsClient.swift */; };
		11FE09062A332D680034829A /* FeedView.swift in Sources */ = {isa = PBXBuildFile; fileRef = 11FE09052A332D680034829A /* FeedView.swift */; };
		11FE09082A3334C50034829A /* ItemView.swift in Sources */ = {isa = PBXBuildFile; fileRef = 11FE09072A3334C50034829A /* ItemView.swift */; };
/* End PBXBuildFile section */

/* Begin PBXContainerItemProxy section */
		11FE08F52A322B5E0034829A /* PBXContainerItemProxy */ = {
			isa = PBXContainerItemProxy;
			containerPortal = 11120AAC2A30E53A0084E612 /* Project object */;
			proxyType = 1;
			remoteGlobalIDString = 11120AB32A30E53A0084E612;
			remoteInfo = HckrNews;
		};
/* End PBXContainerItemProxy section */

/* Begin PBXFileReference section */
		11120AB42A30E53A0084E612 /* Cyclops.app */ = {isa = PBXFileReference; explicitFileType = wrapper.application; includeInIndex = 0; path = Cyclops.app; sourceTree = BUILT_PRODUCTS_DIR; };
		11120AB72A30E53A0084E612 /* CyclopsApp.swift */ = {isa = PBXFileReference; lastKnownFileType = sourcecode.swift; path = CyclopsApp.swift; sourceTree = "<group>"; };
		11120ABB2A30E53B0084E612 /* Assets.xcassets */ = {isa = PBXFileReference; lastKnownFileType = folder.assetcatalog; path = Assets.xcassets; sourceTree = "<group>"; };
		11120ABE2A30E53B0084E612 /* Preview Assets.xcassets */ = {isa = PBXFileReference; lastKnownFileType = folder.assetcatalog; path = "Preview Assets.xcassets"; sourceTree = "<group>"; };
		1143B5602A47296800931E34 /* FeedSelectionSheet.swift */ = {isa = PBXFileReference; lastKnownFileType = sourcecode.swift; path = FeedSelectionSheet.swift; sourceTree = "<group>"; };
		11B40DD82A35E10A00CA8539 /* ErrorWrapper.swift */ = {isa = PBXFileReference; lastKnownFileType = sourcecode.swift; path = ErrorWrapper.swift; sourceTree = "<group>"; };
		11B40DDA2A35E18000CA8539 /* ErrorView.swift */ = {isa = PBXFileReference; lastKnownFileType = sourcecode.swift; path = ErrorView.swift; sourceTree = "<group>"; };
		11B40DDC2A35EE7D00CA8539 /* SettingsView.swift */ = {isa = PBXFileReference; lastKnownFileType = sourcecode.swift; path = SettingsView.swift; sourceTree = "<group>"; };
		11B40DDE2A35F8DA00CA8539 /* UserDefaults+Constants.swift */ = {isa = PBXFileReference; lastKnownFileType = sourcecode.swift; path = "UserDefaults+Constants.swift"; sourceTree = "<group>"; };
		11BF20432A3769A9008A54B9 /* URLSession+HTTPData.swift */ = {isa = PBXFileReference; lastKnownFileType = sourcecode.swift; path = "URLSession+HTTPData.swift"; sourceTree = "<group>"; };
		11BF20452A3769D9008A54B9 /* HackerNewsClient.swift */ = {isa = PBXFileReference; lastKnownFileType = sourcecode.swift; path = HackerNewsClient.swift; sourceTree = "<group>"; };
		11BF20472A376A19008A54B9 /* TestHackerNewsClient.swift */ = {isa = PBXFileReference; lastKnownFileType = sourcecode.swift; path = TestHackerNewsClient.swift; sourceTree = "<group>"; };
		11BF204B2A386EF7008A54B9 /* NetworkMonitor.swift */ = {isa = PBXFileReference; lastKnownFileType = sourcecode.swift; path = NetworkMonitor.swift; sourceTree = "<group>"; };
		11BF204D2A387050008A54B9 /* OfflineView.swift */ = {isa = PBXFileReference; lastKnownFileType = sourcecode.swift; path = OfflineView.swift; sourceTree = "<group>"; };
		11BF20512A387A1F008A54B9 /* CacheEntryObject.swift */ = {isa = PBXFileReference; lastKnownFileType = sourcecode.swift; path = CacheEntryObject.swift; sourceTree = "<group>"; };
		11BF20562A3A3656008A54B9 /* FeedViewModel.swift */ = {isa = PBXFileReference; lastKnownFileType = sourcecode.swift; path = FeedViewModel.swift; sourceTree = "<group>"; };
		11BF20582A3F0D85008A54B9 /* .gitignore */ = {isa = PBXFileReference; lastKnownFileType = text; path = .gitignore; sourceTree = "<group>"; };
		11BF20592A3F1723008A54B9 /* AppTheme.swift */ = {isa = PBXFileReference; lastKnownFileType = sourcecode.swift; path = AppTheme.swift; sourceTree = "<group>"; };
		11BF20632A3F67DC008A54B9 /* BookmarksView.swift */ = {isa = PBXFileReference; lastKnownFileType = sourcecode.swift; path = BookmarksView.swift; sourceTree = "<group>"; };
		11C00CD32AEFB0D700954E73 /* Viewed.swift */ = {isa = PBXFileReference; lastKnownFileType = sourcecode.swift; path = Viewed.swift; sourceTree = "<group>"; };
		11C00CD82AEFEC5500954E73 /* AppDatabase.swift */ = {isa = PBXFileReference; lastKnownFileType = sourcecode.swift; path = AppDatabase.swift; sourceTree = "<group>"; };
		11C00CDD2AF134B200954E73 /* BookmarkRequest.swift */ = {isa = PBXFileReference; lastKnownFileType = sourcecode.swift; path = BookmarkRequest.swift; sourceTree = "<group>"; };
		11C00CDF2AF138A000954E73 /* Persistence.swift */ = {isa = PBXFileReference; lastKnownFileType = sourcecode.swift; path = Persistence.swift; sourceTree = "<group>"; };
		11C00CE42AF147D200954E73 /* ViewedRequest.swift */ = {isa = PBXFileReference; lastKnownFileType = sourcecode.swift; path = ViewedRequest.swift; sourceTree = "<group>"; };
		11D412152A3F9C560046DE75 /* Int+Time.swift */ = {isa = PBXFileReference; lastKnownFileType = sourcecode.swift; path = "Int+Time.swift"; sourceTree = "<group>"; };
		11E902632A484B58003784CE /* ItemDetailsSheet.swift */ = {isa = PBXFileReference; lastKnownFileType = sourcecode.swift; path = ItemDetailsSheet.swift; sourceTree = "<group>"; };
		11FE08E92A31E22D0034829A /* Item.swift */ = {isa = PBXFileReference; lastKnownFileType = sourcecode.swift; path = Item.swift; sourceTree = "<group>"; };
		11FE08F12A322B5E0034829A /* CyclopsTests.xctest */ = {isa = PBXFileReference; explicitFileType = wrapper.cfbundle; includeInIndex = 0; path = CyclopsTests.xctest; sourceTree = BUILT_PRODUCTS_DIR; };
		11FE08F32A322B5E0034829A /* ItemTests.swift */ = {isa = PBXFileReference; lastKnownFileType = sourcecode.swift; path = ItemTests.swift; sourceTree = "<group>"; };
		11FE08FB2A322B830034829A /* NewsItemData.swift */ = {isa = PBXFileReference; lastKnownFileType = sourcecode.swift; path = NewsItemData.swift; sourceTree = "<group>"; };
		11FE08FF2A322E810034829A /* HTTPHackerNewsClient.swift */ = {isa = PBXFileReference; lastKnownFileType = sourcecode.swift; path = HTTPHackerNewsClient.swift; sourceTree = "<group>"; };
		11FE09052A332D680034829A /* FeedView.swift */ = {isa = PBXFileReference; fileEncoding = 4; lastKnownFileType = sourcecode.swift; path = FeedView.swift; sourceTree = "<group>"; };
		11FE09072A3334C50034829A /* ItemView.swift */ = {isa = PBXFileReference; lastKnownFileType = sourcecode.swift; path = ItemView.swift; sourceTree = "<group>"; };
/* End PBXFileReference section */

/* Begin PBXFrameworksBuildPhase section */
		11120AB12A30E53A0084E612 /* Frameworks */ = {
			isa = PBXFrameworksBuildPhase;
			buildActionMask = 2147483647;
			files = (
				11C00CDC2AF1347000954E73 /* GRDBQuery in Frameworks */,
				11C00CD72AEFEBC900954E73 /* GRDB in Frameworks */,
			);
			runOnlyForDeploymentPostprocessing = 0;
		};
		11FE08EE2A322B5E0034829A /* Frameworks */ = {
			isa = PBXFrameworksBuildPhase;
			buildActionMask = 2147483647;
			files = (
			);
			runOnlyForDeploymentPostprocessing = 0;
		};
/* End PBXFrameworksBuildPhase section */

/* Begin PBXGroup section */
		11120AAB2A30E53A0084E612 = {
			isa = PBXGroup;
			children = (
				11BF20582A3F0D85008A54B9 /* .gitignore */,
				11120AB62A30E53A0084E612 /* Cyclops */,
				11FE08F22A322B5E0034829A /* CyclopsTests */,
				11120AB52A30E53A0084E612 /* Products */,
			);
			sourceTree = "<group>";
		};
		11120AB52A30E53A0084E612 /* Products */ = {
			isa = PBXGroup;
			children = (
				11120AB42A30E53A0084E612 /* Cyclops.app */,
				11FE08F12A322B5E0034829A /* CyclopsTests.xctest */,
			);
			name = Products;
			sourceTree = "<group>";
		};
		11120AB62A30E53A0084E612 /* Cyclops */ = {
			isa = PBXGroup;
			children = (
				11C00CE32AF147B300954E73 /* Requests */,
				11BF205D2A3F29C0008A54B9 /* ViewModels */,
				11BF20422A37698B008A54B9 /* Extensions */,
				11BF20412A37696E008A54B9 /* HackerNewsClient */,
				11FE08E82A31E21F0034829A /* Models */,
				11120AC52A30E76A0084E612 /* Views */,
				11120AB72A30E53A0084E612 /* CyclopsApp.swift */,
				11BF204B2A386EF7008A54B9 /* NetworkMonitor.swift */,
				11BF20512A387A1F008A54B9 /* CacheEntryObject.swift */,
				11C00CDF2AF138A000954E73 /* Persistence.swift */,
				11C00CD82AEFEC5500954E73 /* AppDatabase.swift */,
				11120ABB2A30E53B0084E612 /* Assets.xcassets */,
				11120ABD2A30E53B0084E612 /* Preview Content */,
			);
			path = Cyclops;
			sourceTree = "<group>";
		};
		11120ABD2A30E53B0084E612 /* Preview Content */ = {
			isa = PBXGroup;
			children = (
				11120ABE2A30E53B0084E612 /* Preview Assets.xcassets */,
			);
			path = "Preview Content";
			sourceTree = "<group>";
		};
		11120AC52A30E76A0084E612 /* Views */ = {
			isa = PBXGroup;
			children = (
				1143B5622A472A8100931E34 /* Feed */,
				11B40DDA2A35E18000CA8539 /* ErrorView.swift */,
				11B40DDC2A35EE7D00CA8539 /* SettingsView.swift */,
				11BF204D2A387050008A54B9 /* OfflineView.swift */,
				11BF20632A3F67DC008A54B9 /* BookmarksView.swift */,
			);
			path = Views;
			sourceTree = "<group>";
		};
		1143B5622A472A8100931E34 /* Feed */ = {
			isa = PBXGroup;
			children = (
				11FE09052A332D680034829A /* FeedView.swift */,
				11FE09072A3334C50034829A /* ItemView.swift */,
				1143B5602A47296800931E34 /* FeedSelectionSheet.swift */,
				11E902632A484B58003784CE /* ItemDetailsSheet.swift */,
			);
			path = Feed;
			sourceTree = "<group>";
		};
		11BF20412A37696E008A54B9 /* HackerNewsClient */ = {
			isa = PBXGroup;
			children = (
				11BF20452A3769D9008A54B9 /* HackerNewsClient.swift */,
				11FE08FF2A322E810034829A /* HTTPHackerNewsClient.swift */,
				11BF20472A376A19008A54B9 /* TestHackerNewsClient.swift */,
			);
			path = HackerNewsClient;
			sourceTree = "<group>";
		};
		11BF20422A37698B008A54B9 /* Extensions */ = {
			isa = PBXGroup;
			children = (
				11B40DDE2A35F8DA00CA8539 /* UserDefaults+Constants.swift */,
				11BF20432A3769A9008A54B9 /* URLSession+HTTPData.swift */,
				11D412152A3F9C560046DE75 /* Int+Time.swift */,
			);
			path = Extensions;
			sourceTree = "<group>";
		};
		11BF205D2A3F29C0008A54B9 /* ViewModels */ = {
			isa = PBXGroup;
			children = (
				11BF20562A3A3656008A54B9 /* FeedViewModel.swift */,
			);
			path = ViewModels;
			sourceTree = "<group>";
		};
		11C00CE32AF147B300954E73 /* Requests */ = {
			isa = PBXGroup;
			children = (
				11C00CDD2AF134B200954E73 /* BookmarkRequest.swift */,
				11C00CE42AF147D200954E73 /* ViewedRequest.swift */,
			);
			path = Requests;
			sourceTree = "<group>";
		};
		11FE08E82A31E21F0034829A /* Models */ = {
			isa = PBXGroup;
			children = (
				11FE08E92A31E22D0034829A /* Item.swift */,
				11B40DD82A35E10A00CA8539 /* ErrorWrapper.swift */,
				11BF20592A3F1723008A54B9 /* AppTheme.swift */,
				11C00CD32AEFB0D700954E73 /* Viewed.swift */,
			);
			path = Models;
			sourceTree = "<group>";
		};
		11FE08F22A322B5E0034829A /* CyclopsTests */ = {
			isa = PBXGroup;
			children = (
				11FE08F32A322B5E0034829A /* ItemTests.swift */,
				11FE08FB2A322B830034829A /* NewsItemData.swift */,
			);
			path = CyclopsTests;
			sourceTree = "<group>";
		};
/* End PBXGroup section */

/* Begin PBXNativeTarget section */
		11120AB32A30E53A0084E612 /* Cyclops */ = {
			isa = PBXNativeTarget;
			buildConfigurationList = 11120AC22A30E53B0084E612 /* Build configuration list for PBXNativeTarget "Cyclops" */;
			buildPhases = (
				11120AB02A30E53A0084E612 /* Sources */,
				11120AB12A30E53A0084E612 /* Frameworks */,
				11120AB22A30E53A0084E612 /* Resources */,
			);
			buildRules = (
			);
			dependencies = (
			);
			name = Cyclops;
			packageProductDependencies = (
				11C00CD62AEFEBC900954E73 /* GRDB */,
				11C00CDB2AF1347000954E73 /* GRDBQuery */,
			);
			productName = HckrNews;
			productReference = 11120AB42A30E53A0084E612 /* Cyclops.app */;
			productType = "com.apple.product-type.application";
		};
		11FE08F02A322B5E0034829A /* CyclopsTests */ = {
			isa = PBXNativeTarget;
			buildConfigurationList = 11FE08F72A322B5E0034829A /* Build configuration list for PBXNativeTarget "CyclopsTests" */;
			buildPhases = (
				11FE08ED2A322B5E0034829A /* Sources */,
				11FE08EE2A322B5E0034829A /* Frameworks */,
				11FE08EF2A322B5E0034829A /* Resources */,
			);
			buildRules = (
			);
			dependencies = (
				11FE08F62A322B5E0034829A /* PBXTargetDependency */,
			);
			name = CyclopsTests;
			productName = HckrNewsTests;
			productReference = 11FE08F12A322B5E0034829A /* CyclopsTests.xctest */;
			productType = "com.apple.product-type.bundle.unit-test";
		};
/* End PBXNativeTarget section */

/* Begin PBXProject section */
		11120AAC2A30E53A0084E612 /* Project object */ = {
			isa = PBXProject;
			attributes = {
				BuildIndependentTargetsInParallel = 1;
				LastSwiftUpdateCheck = 1430;
				LastUpgradeCheck = 1500;
				TargetAttributes = {
					11120AB32A30E53A0084E612 = {
						CreatedOnToolsVersion = 14.3.1;
					};
					11FE08F02A322B5E0034829A = {
						CreatedOnToolsVersion = 14.3.1;
						TestTargetID = 11120AB32A30E53A0084E612;
					};
				};
			};
			buildConfigurationList = 11120AAF2A30E53A0084E612 /* Build configuration list for PBXProject "Cyclops" */;
			compatibilityVersion = "Xcode 14.0";
			developmentRegion = en;
			hasScannedForEncodings = 0;
			knownRegions = (
				en,
				Base,
			);
			mainGroup = 11120AAB2A30E53A0084E612;
			packageReferences = (
				11C00CD52AEFEBC900954E73 /* XCRemoteSwiftPackageReference "GRDB.swift" */,
				11C00CDA2AF1347000954E73 /* XCRemoteSwiftPackageReference "GRDBQuery" */,
			);
			productRefGroup = 11120AB52A30E53A0084E612 /* Products */;
			projectDirPath = "";
			projectRoot = "";
			targets = (
				11120AB32A30E53A0084E612 /* Cyclops */,
				11FE08F02A322B5E0034829A /* CyclopsTests */,
			);
		};
/* End PBXProject section */

/* Begin PBXResourcesBuildPhase section */
		11120AB22A30E53A0084E612 /* Resources */ = {
			isa = PBXResourcesBuildPhase;
			buildActionMask = 2147483647;
			files = (
				11120ABF2A30E53B0084E612 /* Preview Assets.xcassets in Resources */,
				11120ABC2A30E53B0084E612 /* Assets.xcassets in Resources */,
			);
			runOnlyForDeploymentPostprocessing = 0;
		};
		11FE08EF2A322B5E0034829A /* Resources */ = {
			isa = PBXResourcesBuildPhase;
			buildActionMask = 2147483647;
			files = (
			);
			runOnlyForDeploymentPostprocessing = 0;
		};
/* End PBXResourcesBuildPhase section */

/* Begin PBXSourcesBuildPhase section */
		11120AB02A30E53A0084E612 /* Sources */ = {
			isa = PBXSourcesBuildPhase;
			buildActionMask = 2147483647;
			files = (
				11E902642A484B58003784CE /* ItemDetailsSheet.swift in Sources */,
				11B40DD92A35E10A00CA8539 /* ErrorWrapper.swift in Sources */,
				11BF20572A3A3656008A54B9 /* FeedViewModel.swift in Sources */,
				11FE09002A322E810034829A /* HTTPHackerNewsClient.swift in Sources */,
				11BF20462A3769D9008A54B9 /* HackerNewsClient.swift in Sources */,
				11BF20442A3769A9008A54B9 /* URLSession+HTTPData.swift in Sources */,
				11BF20642A3F67DD008A54B9 /* BookmarksView.swift in Sources */,
				11BF204E2A387050008A54B9 /* OfflineView.swift in Sources */,
				11C00CD42AEFB0D700954E73 /* Viewed.swift in Sources */,
				11BF205A2A3F1723008A54B9 /* AppTheme.swift in Sources */,
				11FE09062A332D680034829A /* FeedView.swift in Sources */,
				11B40DDD2A35EE7D00CA8539 /* SettingsView.swift in Sources */,
				11FE09082A3334C50034829A /* ItemView.swift in Sources */,
				11C00CDE2AF134B200954E73 /* BookmarkRequest.swift in Sources */,
				11D412162A3F9C560046DE75 /* Int+Time.swift in Sources */,
				11C00CD92AEFEC5600954E73 /* AppDatabase.swift in Sources */,
				11BF20482A376A19008A54B9 /* TestHackerNewsClient.swift in Sources */,
				1143B5612A47296800931E34 /* FeedSelectionSheet.swift in Sources */,
				11FE08EA2A31E22D0034829A /* Item.swift in Sources */,
				11C00CE02AF138A000954E73 /* Persistence.swift in Sources */,
				11B40DDB2A35E18000CA8539 /* ErrorView.swift in Sources */,
				11120AB82A30E53A0084E612 /* CyclopsApp.swift in Sources */,
				11BF20522A387A1F008A54B9 /* CacheEntryObject.swift in Sources */,
				11B40DDF2A35F8DA00CA8539 /* UserDefaults+Constants.swift in Sources */,
				11BF204C2A386EF7008A54B9 /* NetworkMonitor.swift in Sources */,
				11C00CE52AF147D200954E73 /* ViewedRequest.swift in Sources */,
			);
			runOnlyForDeploymentPostprocessing = 0;
		};
		11FE08ED2A322B5E0034829A /* Sources */ = {
			isa = PBXSourcesBuildPhase;
			buildActionMask = 2147483647;
			files = (
				11FE08F42A322B5E0034829A /* ItemTests.swift in Sources */,
				11FE08FC2A322B830034829A /* NewsItemData.swift in Sources */,
			);
			runOnlyForDeploymentPostprocessing = 0;
		};
/* End PBXSourcesBuildPhase section */

/* Begin PBXTargetDependency section */
		11FE08F62A322B5E0034829A /* PBXTargetDependency */ = {
			isa = PBXTargetDependency;
			target = 11120AB32A30E53A0084E612 /* Cyclops */;
			targetProxy = 11FE08F52A322B5E0034829A /* PBXContainerItemProxy */;
		};
/* End PBXTargetDependency section */

/* Begin XCBuildConfiguration section */
		11120AC02A30E53B0084E612 /* Debug */ = {
			isa = XCBuildConfiguration;
			buildSettings = {
				ALWAYS_SEARCH_USER_PATHS = NO;
				ASSETCATALOG_COMPILER_GENERATE_SWIFT_ASSET_SYMBOL_EXTENSIONS = YES;
				CLANG_ANALYZER_NONNULL = YES;
				CLANG_ANALYZER_NUMBER_OBJECT_CONVERSION = YES_AGGRESSIVE;
				CLANG_CXX_LANGUAGE_STANDARD = "gnu++20";
				CLANG_ENABLE_MODULES = YES;
				CLANG_ENABLE_OBJC_ARC = YES;
				CLANG_ENABLE_OBJC_WEAK = YES;
				CLANG_WARN_BLOCK_CAPTURE_AUTORELEASING = YES;
				CLANG_WARN_BOOL_CONVERSION = YES;
				CLANG_WARN_COMMA = YES;
				CLANG_WARN_CONSTANT_CONVERSION = YES;
				CLANG_WARN_DEPRECATED_OBJC_IMPLEMENTATIONS = YES;
				CLANG_WARN_DIRECT_OBJC_ISA_USAGE = YES_ERROR;
				CLANG_WARN_DOCUMENTATION_COMMENTS = YES;
				CLANG_WARN_EMPTY_BODY = YES;
				CLANG_WARN_ENUM_CONVERSION = YES;
				CLANG_WARN_INFINITE_RECURSION = YES;
				CLANG_WARN_INT_CONVERSION = YES;
				CLANG_WARN_NON_LITERAL_NULL_CONVERSION = YES;
				CLANG_WARN_OBJC_IMPLICIT_RETAIN_SELF = YES;
				CLANG_WARN_OBJC_LITERAL_CONVERSION = YES;
				CLANG_WARN_OBJC_ROOT_CLASS = YES_ERROR;
				CLANG_WARN_QUOTED_INCLUDE_IN_FRAMEWORK_HEADER = YES;
				CLANG_WARN_RANGE_LOOP_ANALYSIS = YES;
				CLANG_WARN_STRICT_PROTOTYPES = YES;
				CLANG_WARN_SUSPICIOUS_MOVE = YES;
				CLANG_WARN_UNGUARDED_AVAILABILITY = YES_AGGRESSIVE;
				CLANG_WARN_UNREACHABLE_CODE = YES;
				CLANG_WARN__DUPLICATE_METHOD_MATCH = YES;
				COPY_PHASE_STRIP = NO;
				DEBUG_INFORMATION_FORMAT = dwarf;
				ENABLE_STRICT_OBJC_MSGSEND = YES;
				ENABLE_TESTABILITY = YES;
				ENABLE_USER_SCRIPT_SANDBOXING = YES;
				GCC_C_LANGUAGE_STANDARD = gnu11;
				GCC_DYNAMIC_NO_PIC = NO;
				GCC_NO_COMMON_BLOCKS = YES;
				GCC_OPTIMIZATION_LEVEL = 0;
				GCC_PREPROCESSOR_DEFINITIONS = (
					"DEBUG=1",
					"$(inherited)",
				);
				GCC_WARN_64_TO_32_BIT_CONVERSION = YES;
				GCC_WARN_ABOUT_RETURN_TYPE = YES_ERROR;
				GCC_WARN_UNDECLARED_SELECTOR = YES;
				GCC_WARN_UNINITIALIZED_AUTOS = YES_AGGRESSIVE;
				GCC_WARN_UNUSED_FUNCTION = YES;
				GCC_WARN_UNUSED_VARIABLE = YES;
				IPHONEOS_DEPLOYMENT_TARGET = 16.4;
				MTL_ENABLE_DEBUG_INFO = INCLUDE_SOURCE;
				MTL_FAST_MATH = YES;
				ONLY_ACTIVE_ARCH = YES;
				SDKROOT = iphoneos;
				SWIFT_ACTIVE_COMPILATION_CONDITIONS = DEBUG;
				SWIFT_OPTIMIZATION_LEVEL = "-Onone";
			};
			name = Debug;
		};
		11120AC12A30E53B0084E612 /* Release */ = {
			isa = XCBuildConfiguration;
			buildSettings = {
				ALWAYS_SEARCH_USER_PATHS = NO;
				ASSETCATALOG_COMPILER_GENERATE_SWIFT_ASSET_SYMBOL_EXTENSIONS = YES;
				CLANG_ANALYZER_NONNULL = YES;
				CLANG_ANALYZER_NUMBER_OBJECT_CONVERSION = YES_AGGRESSIVE;
				CLANG_CXX_LANGUAGE_STANDARD = "gnu++20";
				CLANG_ENABLE_MODULES = YES;
				CLANG_ENABLE_OBJC_ARC = YES;
				CLANG_ENABLE_OBJC_WEAK = YES;
				CLANG_WARN_BLOCK_CAPTURE_AUTORELEASING = YES;
				CLANG_WARN_BOOL_CONVERSION = YES;
				CLANG_WARN_COMMA = YES;
				CLANG_WARN_CONSTANT_CONVERSION = YES;
				CLANG_WARN_DEPRECATED_OBJC_IMPLEMENTATIONS = YES;
				CLANG_WARN_DIRECT_OBJC_ISA_USAGE = YES_ERROR;
				CLANG_WARN_DOCUMENTATION_COMMENTS = YES;
				CLANG_WARN_EMPTY_BODY = YES;
				CLANG_WARN_ENUM_CONVERSION = YES;
				CLANG_WARN_INFINITE_RECURSION = YES;
				CLANG_WARN_INT_CONVERSION = YES;
				CLANG_WARN_NON_LITERAL_NULL_CONVERSION = YES;
				CLANG_WARN_OBJC_IMPLICIT_RETAIN_SELF = YES;
				CLANG_WARN_OBJC_LITERAL_CONVERSION = YES;
				CLANG_WARN_OBJC_ROOT_CLASS = YES_ERROR;
				CLANG_WARN_QUOTED_INCLUDE_IN_FRAMEWORK_HEADER = YES;
				CLANG_WARN_RANGE_LOOP_ANALYSIS = YES;
				CLANG_WARN_STRICT_PROTOTYPES = YES;
				CLANG_WARN_SUSPICIOUS_MOVE = YES;
				CLANG_WARN_UNGUARDED_AVAILABILITY = YES_AGGRESSIVE;
				CLANG_WARN_UNREACHABLE_CODE = YES;
				CLANG_WARN__DUPLICATE_METHOD_MATCH = YES;
				COPY_PHASE_STRIP = NO;
				DEBUG_INFORMATION_FORMAT = "dwarf-with-dsym";
				ENABLE_NS_ASSERTIONS = NO;
				ENABLE_STRICT_OBJC_MSGSEND = YES;
				ENABLE_USER_SCRIPT_SANDBOXING = YES;
				GCC_C_LANGUAGE_STANDARD = gnu11;
				GCC_NO_COMMON_BLOCKS = YES;
				GCC_WARN_64_TO_32_BIT_CONVERSION = YES;
				GCC_WARN_ABOUT_RETURN_TYPE = YES_ERROR;
				GCC_WARN_UNDECLARED_SELECTOR = YES;
				GCC_WARN_UNINITIALIZED_AUTOS = YES_AGGRESSIVE;
				GCC_WARN_UNUSED_FUNCTION = YES;
				GCC_WARN_UNUSED_VARIABLE = YES;
				IPHONEOS_DEPLOYMENT_TARGET = 16.4;
				MTL_ENABLE_DEBUG_INFO = NO;
				MTL_FAST_MATH = YES;
				SDKROOT = iphoneos;
				SWIFT_COMPILATION_MODE = wholemodule;
				SWIFT_OPTIMIZATION_LEVEL = "-O";
				VALIDATE_PRODUCT = YES;
			};
			name = Release;
		};
		11120AC32A30E53B0084E612 /* Debug */ = {
			isa = XCBuildConfiguration;
			buildSettings = {
				ASSETCATALOG_COMPILER_APPICON_NAME = AppIcon;
				ASSETCATALOG_COMPILER_GLOBAL_ACCENT_COLOR_NAME = AccentColor;
				ASSETCATALOG_COMPILER_INCLUDE_ALL_APPICON_ASSETS = YES;
				CODE_SIGN_STYLE = Automatic;
				CURRENT_PROJECT_VERSION = 1;
				DEVELOPMENT_ASSET_PATHS = "\"Cyclops/Preview Content\"";
				DEVELOPMENT_TEAM = 387A3F6PA6;
				ENABLE_PREVIEWS = YES;
				GENERATE_INFOPLIST_FILE = YES;
				INFOPLIST_FILE = Cyclops/Info.plist;
				INFOPLIST_KEY_CFBundleDisplayName = "Cyclops Reader";
				INFOPLIST_KEY_LSApplicationCategoryType = "public.app-category.news";
				INFOPLIST_KEY_UIApplicationSceneManifest_Generation = YES;
				INFOPLIST_KEY_UIApplicationSupportsIndirectInputEvents = YES;
				INFOPLIST_KEY_UILaunchScreen_Generation = YES;
				INFOPLIST_KEY_UIStatusBarStyle = "";
				INFOPLIST_KEY_UISupportedInterfaceOrientations_iPhone = UIInterfaceOrientationPortrait;
				IPHONEOS_DEPLOYMENT_TARGET = 17.0;
				LD_RUNPATH_SEARCH_PATHS = (
					"$(inherited)",
					"@executable_path/Frameworks",
				);
				MARKETING_VERSION = 0.0.3;
				PRODUCT_BUNDLE_IDENTIFIER = "io.github.jmg-duarte.Cyclops";
				PRODUCT_NAME = "$(TARGET_NAME)";
				SUPPORTED_PLATFORMS = "iphoneos iphonesimulator";
				SUPPORTS_MACCATALYST = NO;
				SUPPORTS_MAC_DESIGNED_FOR_IPHONE_IPAD = NO;
				SWIFT_EMIT_LOC_STRINGS = YES;
				SWIFT_VERSION = 5.0;
				TARGETED_DEVICE_FAMILY = 1;
			};
			name = Debug;
		};
		11120AC42A30E53B0084E612 /* Release */ = {
			isa = XCBuildConfiguration;
			buildSettings = {
				ASSETCATALOG_COMPILER_APPICON_NAME = AppIcon;
				ASSETCATALOG_COMPILER_GLOBAL_ACCENT_COLOR_NAME = AccentColor;
				ASSETCATALOG_COMPILER_INCLUDE_ALL_APPICON_ASSETS = YES;
				CODE_SIGN_STYLE = Automatic;
				CURRENT_PROJECT_VERSION = 1;
				DEVELOPMENT_ASSET_PATHS = "\"Cyclops/Preview Content\"";
				DEVELOPMENT_TEAM = 387A3F6PA6;
				ENABLE_PREVIEWS = YES;
				GENERATE_INFOPLIST_FILE = YES;
				INFOPLIST_FILE = Cyclops/Info.plist;
				INFOPLIST_KEY_CFBundleDisplayName = "Cyclops Reader";
				INFOPLIST_KEY_LSApplicationCategoryType = "public.app-category.news";
				INFOPLIST_KEY_UIApplicationSceneManifest_Generation = YES;
				INFOPLIST_KEY_UIApplicationSupportsIndirectInputEvents = YES;
				INFOPLIST_KEY_UILaunchScreen_Generation = YES;
				INFOPLIST_KEY_UIStatusBarStyle = "";
				INFOPLIST_KEY_UISupportedInterfaceOrientations_iPhone = UIInterfaceOrientationPortrait;
				IPHONEOS_DEPLOYMENT_TARGET = 17.0;
				LD_RUNPATH_SEARCH_PATHS = (
					"$(inherited)",
					"@executable_path/Frameworks",
				);
				MARKETING_VERSION = 0.0.3;
				PRODUCT_BUNDLE_IDENTIFIER = "io.github.jmg-duarte.Cyclops";
				PRODUCT_NAME = "$(TARGET_NAME)";
				SUPPORTED_PLATFORMS = "iphoneos iphonesimulator";
				SUPPORTS_MACCATALYST = NO;
				SUPPORTS_MAC_DESIGNED_FOR_IPHONE_IPAD = NO;
				SWIFT_EMIT_LOC_STRINGS = YES;
				SWIFT_VERSION = 5.0;
				TARGETED_DEVICE_FAMILY = 1;
			};
			name = Release;
		};
		11FE08F82A322B5E0034829A /* Debug */ = {
			isa = XCBuildConfiguration;
			buildSettings = {
				BUNDLE_LOADER = "$(TEST_HOST)";
				CODE_SIGN_STYLE = Automatic;
				CURRENT_PROJECT_VERSION = 3;
				GENERATE_INFOPLIST_FILE = YES;
				MARKETING_VERSION = 1.0;
				PRODUCT_BUNDLE_IDENTIFIER = "io.github.jmg-duarte.HckrNewsTests";
				PRODUCT_NAME = "$(TARGET_NAME)";
				SUPPORTED_PLATFORMS = "iphoneos iphonesimulator";
				SUPPORTS_MACCATALYST = NO;
				SUPPORTS_MAC_DESIGNED_FOR_IPHONE_IPAD = NO;
				SWIFT_EMIT_LOC_STRINGS = NO;
				SWIFT_VERSION = 5.0;
				TARGETED_DEVICE_FAMILY = 1;
				TEST_HOST = "$(BUILT_PRODUCTS_DIR)/Cyclops.app/$(BUNDLE_EXECUTABLE_FOLDER_PATH)/Cyclops";
			};
			name = Debug;
		};
		11FE08F92A322B5E0034829A /* Release */ = {
			isa = XCBuildConfiguration;
			buildSettings = {
				BUNDLE_LOADER = "$(TEST_HOST)";
				CODE_SIGN_STYLE = Automatic;
				CURRENT_PROJECT_VERSION = 3;
				GENERATE_INFOPLIST_FILE = YES;
				MARKETING_VERSION = 1.0;
				PRODUCT_BUNDLE_IDENTIFIER = "io.github.jmg-duarte.HckrNewsTests";
				PRODUCT_NAME = "$(TARGET_NAME)";
				SUPPORTED_PLATFORMS = "iphoneos iphonesimulator";
				SUPPORTS_MACCATALYST = NO;
				SUPPORTS_MAC_DESIGNED_FOR_IPHONE_IPAD = NO;
				SWIFT_EMIT_LOC_STRINGS = NO;
				SWIFT_VERSION = 5.0;
				TARGETED_DEVICE_FAMILY = 1;
				TEST_HOST = "$(BUILT_PRODUCTS_DIR)/Cyclops.app/$(BUNDLE_EXECUTABLE_FOLDER_PATH)/Cyclops";
			};
			name = Release;
		};
/* End XCBuildConfiguration section */

/* Begin XCConfigurationList section */
		11120AAF2A30E53A0084E612 /* Build configuration list for PBXProject "Cyclops" */ = {
			isa = XCConfigurationList;
			buildConfigurations = (
				11120AC02A30E53B0084E612 /* Debug */,
				11120AC12A30E53B0084E612 /* Release */,
			);
			defaultConfigurationIsVisible = 0;
			defaultConfigurationName = Release;
		};
		11120AC22A30E53B0084E612 /* Build configuration list for PBXNativeTarget "Cyclops" */ = {
			isa = XCConfigurationList;
			buildConfigurations = (
				11120AC32A30E53B0084E612 /* Debug */,
				11120AC42A30E53B0084E612 /* Release */,
			);
			defaultConfigurationIsVisible = 0;
			defaultConfigurationName = Release;
		};
		11FE08F72A322B5E0034829A /* Build configuration list for PBXNativeTarget "CyclopsTests" */ = {
			isa = XCConfigurationList;
			buildConfigurations = (
				11FE08F82A322B5E0034829A /* Debug */,
				11FE08F92A322B5E0034829A /* Release */,
			);
			defaultConfigurationIsVisible = 0;
			defaultConfigurationName = Release;
		};
/* End XCConfigurationList section */

/* Begin XCRemoteSwiftPackageReference section */
		11C00CD52AEFEBC900954E73 /* XCRemoteSwiftPackageReference "GRDB.swift" */ = {
			isa = XCRemoteSwiftPackageReference;
			repositoryURL = "https://github.com/groue/GRDB.swift.git";
			requirement = {
				kind = upToNextMajorVersion;
				minimumVersion = 6.0.0;
			};
		};
		11C00CDA2AF1347000954E73 /* XCRemoteSwiftPackageReference "GRDBQuery" */ = {
			isa = XCRemoteSwiftPackageReference;
			repositoryURL = "https://github.com/groue/GRDBQuery.git";
			requirement = {
				kind = upToNextMajorVersion;
				minimumVersion = 0.7.0;
			};
		};
/* End XCRemoteSwiftPackageReference section */

/* Begin XCSwiftPackageProductDependency section */
		11C00CD62AEFEBC900954E73 /* GRDB */ = {
			isa = XCSwiftPackageProductDependency;
			package = 11C00CD52AEFEBC900954E73 /* XCRemoteSwiftPackageReference "GRDB.swift" */;
			productName = GRDB;
		};
		11C00CDB2AF1347000954E73 /* GRDBQuery */ = {
			isa = XCSwiftPackageProductDependency;
			package = 11C00CDA2AF1347000954E73 /* XCRemoteSwiftPackageReference "GRDBQuery" */;
			productName = GRDBQuery;
		};
/* End XCSwiftPackageProductDependency section */
	};
	rootObject = 11120AAC2A30E53A0084E612 /* Project object */;
}
